
Microsoft Visual Studio Solution File, Format Version 12.00
# Visual Studio Version 17
VisualStudioVersion = 17.9.34622.214
MinimumVisualStudioVersion = 10.0.40219.1
Project("{9A19103F-16F7-4668-BE54-9A1E7A4F7556}") = "RetailSales", "RetailSales\RetailSales.csproj", "{EC39C1D1-345A-44BB-AC71-42FC26381D1D}"
EndProject
Project("{FAE04EC0-301F-11D3-BF4B-00C04F79EFBC}") = "RDLC", "RDLC\RDLC.csproj", "{F07B1C7D-03EA-43C3-9770-E60D618913C9}"
EndProject
Global
	GlobalSection(SolutionConfigurationPlatforms) = preSolution
		Debug|Any CPU = Debug|Any CPU
		Release|Any CPU = Release|Any CPU
	EndGlobalSection
	GlobalSection(ProjectConfigurationPlatforms) = postSolution
		{EC39C1D1-345A-44BB-AC71-42FC26381D1D}.Debug|Any CPU.ActiveCfg = Debug|Any CPU
		{EC39C1D1-345A-44BB-AC71-42FC26381D1D}.Debug|Any CPU.Build.0 = Debug|Any CPU
		{EC39C1D1-345A-44BB-AC71-42FC26381D1D}.Release|Any CPU.ActiveCfg = Release|Any CPU
		{EC39C1D1-345A-44BB-AC71-42FC26381D1D}.Release|Any CPU.Build.0 = Release|Any CPU
		{F07B1C7D-03EA-43C3-9770-E60D618913C9}.Debug|Any CPU.ActiveCfg = Debug|Any CPU
		{F07B1C7D-03EA-43C3-9770-E60D618913C9}.Debug|Any CPU.Build.0 = Debug|Any CPU
		{F07B1C7D-03EA-43C3-9770-E60D618913C9}.Release|Any CPU.ActiveCfg = Release|Any CPU
		{F07B1C7D-03EA-43C3-9770-E60D618913C9}.Release|Any CPU.Build.0 = Release|Any CPU
	EndGlobalSection
	GlobalSection(SolutionProperties) = preSolution
		HideSolutionNode = FALSE
	EndGlobalSection
	GlobalSection(ExtensibilityGlobals) = postSolution
		SolutionGuid = {C9AC390F-7C4C-41CE-9442-322835FBC302}
	EndGlobalSection
EndGlobal
